<?xml version="1.0" encoding="UTF-8" standalone="yes" ?>
<CodeBlocks_project_file>
	<FileVersion major="1" minor="6" />
	<Project>
		<Option title="hit_acm" />
		<Option pch_mode="2" />
		<Option compiler="gcc" />
		<Build>
			<Target title="Debug">
				<Option output="bin/Debug/hit_acm" prefix_auto="1" extension_auto="1" />
				<Option object_output="obj/Debug/" />
				<Option type="1" />
				<Option compiler="gcc" />
				<Compiler>
					<Add option="-g" />
				</Compiler>
			</Target>
			<Target title="Release">
				<Option output="bin/Release/hit_acm" prefix_auto="1" extension_auto="1" />
				<Option object_output="obj/Release/" />
				<Option type="1" />
				<Option compiler="gcc" />
				<Compiler>
					<Add option="-O2" />
				</Compiler>
				<Linker>
					<Add option="-s" />
				</Linker>
			</Target>
		</Build>
		<Compiler>
			<Add option="-Wall" />
			<Add option="-fexceptions" />
		</Compiler>
		<Unit filename="ch3_divide_merge_sort.cpp">
			<Option link="0" />
		</Unit>
		<Unit filename="ch3_max_int.cpp">
			<Option link="0" />
		</Unit>
		<Unit filename="ch3_product.cpp">
			<Option link="0" />
		</Unit>
		<Unit filename="ch4_01knapsack.cpp">
			<Option link="0" />
		</Unit>
		<Unit filename="ch4_lcs.cpp" />
		<Unit filename="ch7_1.cpp">
			<Option link="0" />
		</Unit>
		<Unit filename="closest_pair_1d.py" />
		<Unit filename="closest_pair_2d.py" />
		<Unit filename="convexhull_bf.py" />
		<Unit filename="convexhull_graham.py" />
		<Unit filename="hit-1003.cpp" />
		<Unit filename="insert_sort.cpp" />
		<Unit filename="leet.1.two.sum.cpp" />
		<Unit filename="leet.146.LRU_Cache.cpp" />
		<Unit filename="leet.42.Trapping_Rain_Water.cpp" />
		<Unit filename="leet.538_bst_to_greater.cpp" />
		<Unit filename="linear_select.cpp" />
		<Unit filename="linear_select.py" />
		<Unit filename="lintcode_187_gas.cpp">
			<Option link="0" />
		</Unit>
		<Unit filename="lintcode_beibao.cpp">
			<Option link="0" />
		</Unit>
		<Unit filename="lintcode_lcs.cpp">
			<Option link="0" />
		</Unit>
		<Unit filename="qsort.cpp" />
		<Unit filename="shiqi.cpp">
			<Option link="0" />
		</Unit>
		<Unit filename="sort.py" />
		<Unit filename="sum_of_n_num.cpp">
			<Option link="0" />
		</Unit>
		<Unit filename="zuoye_5.2.cpp">
			<Option link="0" />
		</Unit>
		<Extensions>
			<code_completion />
			<envvars />
			<debugger />
			<lib_finder disable_auto="1" />
		</Extensions>
	</Project>
</CodeBlocks_project_file>
